
Microsoft Visual Studio Solution File, Format Version 12.00
# Visual Studio Version 16
VisualStudioVersion = 16.0.28803.352
MinimumVisualStudioVersion = 10.0.40219.1
Project("{FAE04EC0-301F-11D3-BF4B-00C04F79EFBC}") = "KoobookReviewsManager", "KoobookSentimentAnalysis\KoobookReviewsManager.csproj", "{F1FB7FC8-2D39-493D-A35C-F2EDCEC1AF07}"
EndProject
Global
	GlobalSection(SolutionConfigurationPlatforms) = preSolution
		Debug|Any CPU = Debug|Any CPU
		Release|Any CPU = Release|Any CPU
	EndGlobalSection
	GlobalSection(ProjectConfigurationPlatforms) = postSolution
		{F1FB7FC8-2D39-493D-A35C-F2EDCEC1AF07}.Debug|Any CPU.ActiveCfg = Debug|Any CPU
		{F1FB7FC8-2D39-493D-A35C-F2EDCEC1AF07}.Debug|Any CPU.Build.0 = Debug|Any CPU
		{F1FB7FC8-2D39-493D-A35C-F2EDCEC1AF07}.Release|Any CPU.ActiveCfg = Release|Any CPU
		{F1FB7FC8-2D39-493D-A35C-F2EDCEC1AF07}.Release|Any CPU.Build.0 = Release|Any CPU
	EndGlobalSection
	GlobalSection(SolutionProperties) = preSolution
		HideSolutionNode = FALSE
	EndGlobalSection
	GlobalSection(ExtensibilityGlobals) = postSolution
		SolutionGuid = {0CEACEC2-E598-4C7A-A917-A593BDD03106}
	EndGlobalSection
EndGlobal
